{
  "version": 4,
  "terraform_version": "1.6.6",
  "serial": 7,
  "lineage": "ebb57c01-8136-cfb3-ed98-81d515c72860",
  "outputs": {
    "list_output": {
      "value": [
        "item4",
        "item5",
        "item6"
      ],
      "type": [
        "list",
        "string"
      ]
    },
    "map_output": {
      "value": {
        "key3": "value3",
        "key4": "value4"
      },
      "type": [
        "map",
        "string"
      ]
    },
    "number_output": {
      "value": 20,
      "type": "number"
    },
    "object_output": {
      "value": {
        "address": "456 Second St",
        "age": 25,
        "name": "Jane Smith"
      },
      "type": [
        "object",
        {
          "address": "string",
          "age": "number",
          "name": "string"
        }
      ]
    },
    "random_id": {
      "value": "5B51QJ4zdJ4",
      "type": "string"
    },
    "string_output": {
      "value": "Hello, YouChat!",
      "type": "string"
    }
  },
  "resources": [
    {
      "mode": "managed",
      "type": "local_file",
      "name": "file1",
      "provider": "provider[\"registry.terraform.io/hashicorp/local\"]",
      "instances": [
        {
          "schema_version": 0,
          "attributes": {
            "content": "Hello, YouChat!",
            "content_base64": null,
            "content_base64sha256": "vTdp7GbpxNxxKAJmQ8tmwbgRrFac735VTZPo8TGsKoA=",
            "content_base64sha512": "ZcrSwxAA4gtMgkLjjrDSAR1fNYo6KeV7zRxk7BzkMkIbfUOHQtV5mEIUgye8bjOCLqHvRtAWyg6Ov5GUEDi3Xg==",
            "content_md5": "fb92ee9ec39f61bc52c7be3ef9973581",
            "content_sha1": "8b455ea4adbf928cc0a782b819b8337cc6e39fe6",
            "content_sha256": "bd3769ec66e9c4dc7128026643cb66c1b811ac569cef7e554d93e8f131ac2a80",
            "content_sha512": "65cad2c31000e20b4c8242e38eb0d2011d5f358a3a29e57bcd1c64ec1ce432421b7d438742d5799842148327bc6e33822ea1ef46d016ca0e8ebf91941038b75e",
            "directory_permission": "0777",
            "file_permission": "0777",
            "filename": "./folder1/string",
            "id": "8b455ea4adbf928cc0a782b819b8337cc6e39fe6",
            "sensitive_content": null,
            "source": null
          },
          "sensitive_attributes": []
        }
      ]
    },
    {
      "mode": "managed",
      "type": "local_file",
      "name": "file2",
      "provider": "provider[\"registry.terraform.io/hashicorp/local\"]",
      "instances": [
        {
          "schema_version": 0,
          "attributes": {
            "content": "20",
            "content_base64": null,
            "content_base64sha256": "9co490ih1ur3JrikL7V1w8cfGGSoFDMBeC3hPaLZICs=",
            "content_base64sha512": "36XRzv0O/fX1K3ZRINpyxXBusd0RMjTP3zHjH5zQKDNm9qj3Iw8p6kLYOs/gJ0PcJQTNoHww9uhL+bHKNZZiZg==",
            "content_md5": "98f13708210194c475687be6106a3b84",
            "content_sha1": "91032ad7bbcb6cf72875e8e8207dcfba80173f7c",
            "content_sha256": "f5ca38f748a1d6eaf726b8a42fb575c3c71f1864a8143301782de13da2d9202b",
            "content_sha512": "dfa5d1cefd0efdf5f52b765120da72c5706eb1dd113234cfdf31e31f9cd0283366f6a8f7230f29ea42d83acfe02743dc2504cda07c30f6e84bf9b1ca35966266",
            "directory_permission": "0777",
            "file_permission": "0777",
            "filename": "./folder1/number",
            "id": "91032ad7bbcb6cf72875e8e8207dcfba80173f7c",
            "sensitive_content": null,
            "source": null
          },
          "sensitive_attributes": []
        }
      ]
    },
    {
      "mode": "managed",
      "type": "local_file",
      "name": "file3",
      "provider": "provider[\"registry.terraform.io/hashicorp/local\"]",
      "instances": [
        {
          "schema_version": 0,
          "attributes": {
            "content": "item4",
            "content_base64": null,
            "content_base64sha256": "A1aIuAmLD2mETfSFqCNVk5u4VcXO09SO+o7LMv/LkLc=",
            "content_base64sha512": "mEf3L1d1cdlGdpYkV7UFMHBJABTCHtJQrlzbNIWoVeLY7bCr1wZur/WAbl/jYk9grWz1hIGcCEJ13vcuJ9UnDg==",
            "content_md5": "57130e228cbb8095d478d5534a4eb328",
            "content_sha1": "dbb96e411b0d5d5d2847c9b1aa577f29ac87bf74",
            "content_sha256": "035688b8098b0f69844df485a82355939bb855c5ced3d48efa8ecb32ffcb90b7",
            "content_sha512": "9847f72f577571d94676962457b5053070490014c21ed250ae5cdb3485a855e2d8edb0abd7066eaff5806e5fe3624f60ad6cf584819c084275def72e27d5270e",
            "directory_permission": "0777",
            "file_permission": "0777",
            "filename": "./folder2/list",
            "id": "dbb96e411b0d5d5d2847c9b1aa577f29ac87bf74",
            "sensitive_content": null,
            "source": null
          },
          "sensitive_attributes": []
        }
      ]
    },
    {
      "mode": "managed",
      "type": "local_file",
      "name": "file4",
      "provider": "provider[\"registry.terraform.io/hashicorp/local\"]",
      "instances": [
        {
          "schema_version": 0,
          "attributes": {
            "content": "value3",
            "content_base64": null,
            "content_base64sha256": "idxq5/Bqn0a1Za8D6rDs4L9gJNNlm346HQNXPP6wtZ0=",
            "content_base64sha512": "j8JkIg8l/lkzT8jsLW1QTlPRWOEZ5UYr2SLNtLjgsyqIL/uBf6WFjz7iip0lR15pn6jhSu3/tPmoAeXARczTKQ==",
            "content_md5": "039da699d091de4f1240ae50570abed9",
            "content_sha1": "94ca33031e37aa3f3b67e5b921c729f08a6bba75",
            "content_sha256": "89dc6ae7f06a9f46b565af03eab0ece0bf6024d3659b7e3a1d03573cfeb0b59d",
            "content_sha512": "8fc264220f25fe59334fc8ec2d6d504e53d158e119e5462bd922cdb4b8e0b32a882ffb817fa5858f3ee28a9d25475e699fa8e14aedffb4f9a801e5c045ccd329",
            "directory_permission": "0777",
            "file_permission": "0777",
            "filename": "./folder2/map",
            "id": "94ca33031e37aa3f3b67e5b921c729f08a6bba75",
            "sensitive_content": null,
            "source": null
          },
          "sensitive_attributes": []
        }
      ]
    },
    {
      "mode": "managed",
      "type": "local_file",
      "name": "file5",
      "provider": "provider[\"registry.terraform.io/hashicorp/local\"]",
      "instances": [
        {
          "schema_version": 0,
          "attributes": {
            "content": "Jane Smith",
            "content_base64": null,
            "content_base64sha256": "ot06ytscnc2VYhaZMFan9QqdtuOhbGCzVIITm1NJwog=",
            "content_base64sha512": "h++pGDTrMTSO6rrSRCqhsAEc0jSOi+346D7wqSMVJ0Xye92vXyWjQk9TuPA/6oeB4l1SPN/IacIabin3DnYV8A==",
            "content_md5": "71768b5e2a0b3697eb3c0c6d4ebbbaf8",
            "content_sha1": "a430dcf58c9acea52af05e722306a74ab77d8c7d",
            "content_sha256": "a2dd3acadb1c9dcd956216993056a7f50a9db6e3a16c60b35482139b5349c288",
            "content_sha512": "87efa91834eb31348eeabad2442aa1b0011cd2348e8bedf8e83ef0a923152745f27bddaf5f25a3424f53b8f03fea8781e25d523cdfc869c21a6e29f70e7615f0",
            "directory_permission": "0777",
            "file_permission": "0777",
            "filename": "./folder3/object",
            "id": "a430dcf58c9acea52af05e722306a74ab77d8c7d",
            "sensitive_content": null,
            "source": null
          },
          "sensitive_attributes": []
        }
      ]
    },
    {
      "mode": "managed",
      "type": "random_id",
      "name": "rd",
      "provider": "provider[\"registry.terraform.io/hashicorp/random\"]",
      "instances": [
        {
          "schema_version": 0,
          "attributes": {
            "b64_std": "XEeBZzLGliikfg==",
            "b64_url": "XEeBZzLGliikfg",
            "byte_length": 10,
            "dec": "435776759730622735885438",
            "hex": "5c47816732c69628a47e",
            "id": "XEeBZzLGliikfg",
            "keepers": null,
            "prefix": null
          },
          "sensitive_attributes": []
        }
      ]
    },
    {
      "mode": "managed",
      "type": "random_id",
      "name": "server",
      "provider": "provider[\"registry.terraform.io/hashicorp/random\"]",
      "instances": [
        {
          "schema_version": 0,
          "attributes": {
            "b64_std": "5B51QJ4zdJ4=",
            "b64_url": "5B51QJ4zdJ4",
            "byte_length": 8,
            "dec": "16437704610341418142",
            "hex": "e41e75409e33749e",
            "id": "5B51QJ4zdJ4",
            "keepers": {
              "ami_id": "sdfkasdmfksdmf"
            },
            "prefix": null
          },
          "sensitive_attributes": []
        }
      ]
    }
  ],
  "check_results": null
}
